
Microsoft Visual Studio Solution File, Format Version 12.00
# Visual Studio Version 17
VisualStudioVersion = 17.6.33815.320
MinimumVisualStudioVersion = 10.0.40219.1
Project("{2150E333-8FDC-42A3-9474-1A3956D46DE8}") = "src", "src", "{CABC0305-49B4-4579-BDA3-5C60A5AEA7EB}"
EndProject
Project("{2150E333-8FDC-42A3-9474-1A3956D46DE8}") = "API", "API", "{AE6FC4B3-5336-47EB-BBE9-E61FEB6EA5B4}"
EndProject
Project("{2150E333-8FDC-42A3-9474-1A3956D46DE8}") = "Core", "Core", "{78A69B95-87AA-4D53-BAA8-69D75A5546A9}"
EndProject
Project("{2150E333-8FDC-42A3-9474-1A3956D46DE8}") = "Infrastructure", "Infrastructure", "{13CA2E8D-2F5C-406E-98D6-EE784237958F}"
EndProject
Project("{9A19103F-16F7-4668-BE54-9A1E7A4F7556}") = "LeaveManagement.Domain", "LeaveManagement.Domain\LeaveManagement.Domain.csproj", "{9C5164BA-9B6B-461F-AFEA-24BDE01EC90D}"
EndProject
Project("{9A19103F-16F7-4668-BE54-9A1E7A4F7556}") = "LeaveManagement.Application", "LeaveManagement.Application\LeaveManagement.Application.csproj", "{587ACD80-F6EB-4F4A-B1BA-874D0C7108A4}"
EndProject
Project("{9A19103F-16F7-4668-BE54-9A1E7A4F7556}") = "LeaveManagement.Persistance", "LeaveManagement.Persistance\LeaveManagement.Persistance.csproj", "{C291A6D4-D6DE-4E3D-A540-9CD009BCAAD7}"
EndProject
Project("{9A19103F-16F7-4668-BE54-9A1E7A4F7556}") = "LeaveManagement.Infrastructure", "LeaveManagement.Infrastructure\LeaveManagement.Infrastructure.csproj", "{BA06D8FA-A71B-413B-AB59-A3420E6B4AF0}"
EndProject
Project("{9A19103F-16F7-4668-BE54-9A1E7A4F7556}") = "LeaveManagement.Api", "LeaveManagement.Api\LeaveManagement.Api.csproj", "{5F2B131A-E601-4383-8092-D27925A1AEA9}"
EndProject
Project("{2150E333-8FDC-42A3-9474-1A3956D46DE8}") = "Tests", "Tests", "{65ACCBF0-0C39-43D3-A967-38D4D8C26CA0}"
EndProject
Project("{9A19103F-16F7-4668-BE54-9A1E7A4F7556}") = "LeaveManagement.Application.UnitTests", "LeaveManagement.Application.UnitTests\LeaveManagement.Application.UnitTests.csproj", "{29E867FE-1D5E-4089-A0ED-93DF291A9566}"
EndProject
Project("{9A19103F-16F7-4668-BE54-9A1E7A4F7556}") = "LeaveManagement.Persistence.Integration", "LeaveManagement.Persistence.Integration\LeaveManagement.Persistence.Integration.csproj", "{4FE91B1E-9659-4194-8EAF-2335C5C5CD4F}"
EndProject
Project("{9A19103F-16F7-4668-BE54-9A1E7A4F7556}") = "LeaveManagement.BlazorUI", "LeaveManagment.BlazorUI\LeaveManagement.BlazorUI.csproj", "{23D05A6F-63B0-45C8-97E3-D33EC81B0F6A}"
EndProject
Project("{9A19103F-16F7-4668-BE54-9A1E7A4F7556}") = "LeaveManagement.Identity", "LeaveManagement.Identity\LeaveManagement.Identity.csproj", "{98E30063-4D19-48E1-9FA3-0FD104F7117C}"
EndProject
Project("{2150E333-8FDC-42A3-9474-1A3956D46DE8}") = "UI", "UI", "{A0D41192-B030-4869-97A0-DAD8BAA9E5B0}"
EndProject
Global
	GlobalSection(SolutionConfigurationPlatforms) = preSolution
		Debug|Any CPU = Debug|Any CPU
		Release|Any CPU = Release|Any CPU
	EndGlobalSection
	GlobalSection(ProjectConfigurationPlatforms) = postSolution
		{9C5164BA-9B6B-461F-AFEA-24BDE01EC90D}.Debug|Any CPU.ActiveCfg = Debug|Any CPU
		{9C5164BA-9B6B-461F-AFEA-24BDE01EC90D}.Debug|Any CPU.Build.0 = Debug|Any CPU
		{9C5164BA-9B6B-461F-AFEA-24BDE01EC90D}.Release|Any CPU.ActiveCfg = Release|Any CPU
		{9C5164BA-9B6B-461F-AFEA-24BDE01EC90D}.Release|Any CPU.Build.0 = Release|Any CPU
		{587ACD80-F6EB-4F4A-B1BA-874D0C7108A4}.Debug|Any CPU.ActiveCfg = Debug|Any CPU
		{587ACD80-F6EB-4F4A-B1BA-874D0C7108A4}.Debug|Any CPU.Build.0 = Debug|Any CPU
		{587ACD80-F6EB-4F4A-B1BA-874D0C7108A4}.Release|Any CPU.ActiveCfg = Release|Any CPU
		{587ACD80-F6EB-4F4A-B1BA-874D0C7108A4}.Release|Any CPU.Build.0 = Release|Any CPU
		{C291A6D4-D6DE-4E3D-A540-9CD009BCAAD7}.Debug|Any CPU.ActiveCfg = Debug|Any CPU
		{C291A6D4-D6DE-4E3D-A540-9CD009BCAAD7}.Debug|Any CPU.Build.0 = Debug|Any CPU
		{C291A6D4-D6DE-4E3D-A540-9CD009BCAAD7}.Release|Any CPU.ActiveCfg = Release|Any CPU
		{C291A6D4-D6DE-4E3D-A540-9CD009BCAAD7}.Release|Any CPU.Build.0 = Release|Any CPU
		{BA06D8FA-A71B-413B-AB59-A3420E6B4AF0}.Debug|Any CPU.ActiveCfg = Debug|Any CPU
		{BA06D8FA-A71B-413B-AB59-A3420E6B4AF0}.Debug|Any CPU.Build.0 = Debug|Any CPU
		{BA06D8FA-A71B-413B-AB59-A3420E6B4AF0}.Release|Any CPU.ActiveCfg = Release|Any CPU
		{BA06D8FA-A71B-413B-AB59-A3420E6B4AF0}.Release|Any CPU.Build.0 = Release|Any CPU
		{5F2B131A-E601-4383-8092-D27925A1AEA9}.Debug|Any CPU.ActiveCfg = Debug|Any CPU
		{5F2B131A-E601-4383-8092-D27925A1AEA9}.Debug|Any CPU.Build.0 = Debug|Any CPU
		{5F2B131A-E601-4383-8092-D27925A1AEA9}.Release|Any CPU.ActiveCfg = Release|Any CPU
		{5F2B131A-E601-4383-8092-D27925A1AEA9}.Release|Any CPU.Build.0 = Release|Any CPU
		{29E867FE-1D5E-4089-A0ED-93DF291A9566}.Debug|Any CPU.ActiveCfg = Debug|Any CPU
		{29E867FE-1D5E-4089-A0ED-93DF291A9566}.Debug|Any CPU.Build.0 = Debug|Any CPU
		{29E867FE-1D5E-4089-A0ED-93DF291A9566}.Release|Any CPU.ActiveCfg = Release|Any CPU
		{29E867FE-1D5E-4089-A0ED-93DF291A9566}.Release|Any CPU.Build.0 = Release|Any CPU
		{4FE91B1E-9659-4194-8EAF-2335C5C5CD4F}.Debug|Any CPU.ActiveCfg = Debug|Any CPU
		{4FE91B1E-9659-4194-8EAF-2335C5C5CD4F}.Debug|Any CPU.Build.0 = Debug|Any CPU
		{4FE91B1E-9659-4194-8EAF-2335C5C5CD4F}.Release|Any CPU.ActiveCfg = Release|Any CPU
		{4FE91B1E-9659-4194-8EAF-2335C5C5CD4F}.Release|Any CPU.Build.0 = Release|Any CPU
		{23D05A6F-63B0-45C8-97E3-D33EC81B0F6A}.Debug|Any CPU.ActiveCfg = Debug|Any CPU
		{23D05A6F-63B0-45C8-97E3-D33EC81B0F6A}.Debug|Any CPU.Build.0 = Debug|Any CPU
		{23D05A6F-63B0-45C8-97E3-D33EC81B0F6A}.Release|Any CPU.ActiveCfg = Release|Any CPU
		{23D05A6F-63B0-45C8-97E3-D33EC81B0F6A}.Release|Any CPU.Build.0 = Release|Any CPU
		{98E30063-4D19-48E1-9FA3-0FD104F7117C}.Debug|Any CPU.ActiveCfg = Debug|Any CPU
		{98E30063-4D19-48E1-9FA3-0FD104F7117C}.Debug|Any CPU.Build.0 = Debug|Any CPU
		{98E30063-4D19-48E1-9FA3-0FD104F7117C}.Release|Any CPU.ActiveCfg = Release|Any CPU
		{98E30063-4D19-48E1-9FA3-0FD104F7117C}.Release|Any CPU.Build.0 = Release|Any CPU
	EndGlobalSection
	GlobalSection(SolutionProperties) = preSolution
		HideSolutionNode = FALSE
	EndGlobalSection
	GlobalSection(NestedProjects) = preSolution
		{AE6FC4B3-5336-47EB-BBE9-E61FEB6EA5B4} = {CABC0305-49B4-4579-BDA3-5C60A5AEA7EB}
		{78A69B95-87AA-4D53-BAA8-69D75A5546A9} = {CABC0305-49B4-4579-BDA3-5C60A5AEA7EB}
		{13CA2E8D-2F5C-406E-98D6-EE784237958F} = {CABC0305-49B4-4579-BDA3-5C60A5AEA7EB}
		{9C5164BA-9B6B-461F-AFEA-24BDE01EC90D} = {78A69B95-87AA-4D53-BAA8-69D75A5546A9}
		{587ACD80-F6EB-4F4A-B1BA-874D0C7108A4} = {78A69B95-87AA-4D53-BAA8-69D75A5546A9}
		{C291A6D4-D6DE-4E3D-A540-9CD009BCAAD7} = {13CA2E8D-2F5C-406E-98D6-EE784237958F}
		{BA06D8FA-A71B-413B-AB59-A3420E6B4AF0} = {13CA2E8D-2F5C-406E-98D6-EE784237958F}
		{5F2B131A-E601-4383-8092-D27925A1AEA9} = {AE6FC4B3-5336-47EB-BBE9-E61FEB6EA5B4}
		{29E867FE-1D5E-4089-A0ED-93DF291A9566} = {65ACCBF0-0C39-43D3-A967-38D4D8C26CA0}
		{4FE91B1E-9659-4194-8EAF-2335C5C5CD4F} = {65ACCBF0-0C39-43D3-A967-38D4D8C26CA0}
		{23D05A6F-63B0-45C8-97E3-D33EC81B0F6A} = {A0D41192-B030-4869-97A0-DAD8BAA9E5B0}
		{98E30063-4D19-48E1-9FA3-0FD104F7117C} = {13CA2E8D-2F5C-406E-98D6-EE784237958F}
		{A0D41192-B030-4869-97A0-DAD8BAA9E5B0} = {CABC0305-49B4-4579-BDA3-5C60A5AEA7EB}
	EndGlobalSection
	GlobalSection(ExtensibilityGlobals) = postSolution
		SolutionGuid = {CD112D14-BC42-4453-A54D-5A4DC28638F3}
	EndGlobalSection
EndGlobal
